
Microsoft Visual Studio Solution File, Format Version 12.00
Project("{FAE04EC0-301F-11D3-BF4B-00C04F79EFBC}") = "Lib", "Lib\Lib.csproj", "{364CEC5E-E9EF-4137-A7CA-13EAAD48C289}"
EndProject
Project("{FAE04EC0-301F-11D3-BF4B-00C04F79EFBC}") = "Tests", "Tests\Tests.csproj", "{029B7609-14A3-473E-A804-990563CCA578}"
EndProject
Global
	GlobalSection(SolutionConfigurationPlatforms) = preSolution
		Debug|Any CPU = Debug|Any CPU
		Release|Any CPU = Release|Any CPU
	EndGlobalSection
	GlobalSection(ProjectConfigurationPlatforms) = postSolution
		{364CEC5E-E9EF-4137-A7CA-13EAAD48C289}.Debug|Any CPU.ActiveCfg = Debug|Any CPU
		{364CEC5E-E9EF-4137-A7CA-13EAAD48C289}.Debug|Any CPU.Build.0 = Debug|Any CPU
		{364CEC5E-E9EF-4137-A7CA-13EAAD48C289}.Release|Any CPU.ActiveCfg = Release|Any CPU
		{364CEC5E-E9EF-4137-A7CA-13EAAD48C289}.Release|Any CPU.Build.0 = Release|Any CPU
		{029B7609-14A3-473E-A804-990563CCA578}.Debug|Any CPU.ActiveCfg = Debug|Any CPU
		{029B7609-14A3-473E-A804-990563CCA578}.Debug|Any CPU.Build.0 = Debug|Any CPU
		{029B7609-14A3-473E-A804-990563CCA578}.Release|Any CPU.ActiveCfg = Release|Any CPU
		{029B7609-14A3-473E-A804-990563CCA578}.Release|Any CPU.Build.0 = Release|Any CPU
	EndGlobalSection
EndGlobal
